
Microsoft Visual Studio Solution File, Format Version 12.00
# Visual Studio Version 16
VisualStudioVersion = 16.0.29209.62
MinimumVisualStudioVersion = 10.0.40219.1
Project("{FAE04EC0-301F-11D3-BF4B-00C04F79EFBC}") = "ABSoftware.ABParser", "ABSoftware.ABParser\ABSoftware.ABParser.csproj", "{DFD01552-DACC-4DEB-BF23-6203932CE7FF}"
EndProject
Global
	GlobalSection(SolutionConfigurationPlatforms) = preSolution
		Debug|Any CPU = Debug|Any CPU
		Release|Any CPU = Release|Any CPU
	EndGlobalSection
	GlobalSection(ProjectConfigurationPlatforms) = postSolution
		{DFD01552-DACC-4DEB-BF23-6203932CE7FF}.Debug|Any CPU.ActiveCfg = Debug|Any CPU
		{DFD01552-DACC-4DEB-BF23-6203932CE7FF}.Debug|Any CPU.Build.0 = Debug|Any CPU
		{DFD01552-DACC-4DEB-BF23-6203932CE7FF}.Release|Any CPU.ActiveCfg = Release|Any CPU
		{DFD01552-DACC-4DEB-BF23-6203932CE7FF}.Release|Any CPU.Build.0 = Release|Any CPU
	EndGlobalSection
	GlobalSection(SolutionProperties) = preSolution
		HideSolutionNode = FALSE
	EndGlobalSection
	GlobalSection(ExtensibilityGlobals) = postSolution
		SolutionGuid = {8438FEA7-2F78-40F7-A70C-890D39EFDEF9}
	EndGlobalSection
EndGlobal
